
Microsoft Visual Studio Solution File, Format Version 12.00
# Visual Studio 15
VisualStudioVersion = 15.0.28010.2036
MinimumVisualStudioVersion = 10.0.40219.1
Project("{FAE04EC0-301F-11D3-BF4B-00C04F79EFBC}") = "Korop_AI_8", "Korop_AI_8\Korop_AI_8.csproj", "{9A66D3A0-1290-4FB3-A342-FCD3508C7938}"
EndProject
Project("{FAE04EC0-301F-11D3-BF4B-00C04F79EFBC}") = "UnitTestProject1", "UnitTestProject1\UnitTestProject1.csproj", "{057DC073-83D5-4C8B-BC3A-2723994A453E}"
EndProject
Global
	GlobalSection(SolutionConfigurationPlatforms) = preSolution
		Debug|Any CPU = Debug|Any CPU
		Release|Any CPU = Release|Any CPU
	EndGlobalSection
	GlobalSection(ProjectConfigurationPlatforms) = postSolution
		{9A66D3A0-1290-4FB3-A342-FCD3508C7938}.Debug|Any CPU.ActiveCfg = Debug|Any CPU
		{9A66D3A0-1290-4FB3-A342-FCD3508C7938}.Debug|Any CPU.Build.0 = Debug|Any CPU
		{9A66D3A0-1290-4FB3-A342-FCD3508C7938}.Release|Any CPU.ActiveCfg = Release|Any CPU
		{9A66D3A0-1290-4FB3-A342-FCD3508C7938}.Release|Any CPU.Build.0 = Release|Any CPU
		{057DC073-83D5-4C8B-BC3A-2723994A453E}.Debug|Any CPU.ActiveCfg = Debug|Any CPU
		{057DC073-83D5-4C8B-BC3A-2723994A453E}.Debug|Any CPU.Build.0 = Debug|Any CPU
		{057DC073-83D5-4C8B-BC3A-2723994A453E}.Release|Any CPU.ActiveCfg = Release|Any CPU
		{057DC073-83D5-4C8B-BC3A-2723994A453E}.Release|Any CPU.Build.0 = Release|Any CPU
	EndGlobalSection
	GlobalSection(SolutionProperties) = preSolution
		HideSolutionNode = FALSE
	EndGlobalSection
	GlobalSection(ExtensibilityGlobals) = postSolution
		SolutionGuid = {FF82CFE2-9F50-457A-B1AF-C3B18A047707}
	EndGlobalSection
EndGlobal
